# generated by rye
# use `rye lock` or `rye sync` to update this lockfile
#
# last locked with the following flags:
#   pre: false
#   features: []
#   all-features: false
#   with-sources: false
#   generate-hashes: false
#   universal: false

-e file:.
asteval==0.9.32
    # via lmfit
emcee==3.1.4
    # via confitti
future==1.0.0
    # via uncertainties
lmfit==1.2.2
    # via confitti
numpy==1.26.4
    # via confitti
    # via emcee
    # via lmfit
    # via scipy
pyyaml==6.0.2
    # via confitti
scipy==1.13.0
    # via confitti
    # via lmfit
uncertainties==3.1.7
    # via lmfit
