# generated by rye
# use `rye lock` or `rye sync` to update this lockfile
#
# last locked with the following flags:
#   pre: false
#   features: []
#   all-features: false
#   with-sources: false
#   generate-hashes: false
#   universal: false

-e file:.
aiodns==3.2.0
    # via sendi
    # via slixmpp
aiohappyeyeballs==2.4.2
    # via aiohttp
aiohttp==3.10.6
    # via sendi
aiosignal==1.3.1
    # via aiohttp
annotated-types==0.7.0
    # via pydantic
    # via sendi
attrs==24.2.0
    # via aiohttp
certifi==2024.8.30
    # via sendi
cffi==1.17.1
    # via cryptography
    # via pycares
    # via xeddsa
click==8.1.7
    # via typer
cryptography==43.0.1
    # via doubleratchet
    # via oldmemo
    # via x3dh
doubleratchet==1.0.4
    # via oldmemo
    # via twomemo
elementpath==4.5.0
    # via xmlschema
frozenlist==1.4.1
    # via aiohttp
    # via aiosignal
idna==3.10
    # via yarl
markdown-it-py==3.0.0
    # via rich
mdurl==0.1.2
    # via markdown-it-py
multidict==6.1.0
    # via aiohttp
    # via yarl
oldmemo==1.0.4
    # via slixmpp-omemo
omemo==1.1.0
    # via oldmemo
    # via sendi
    # via slixmpp-omemo
    # via twomemo
protobuf==5.28.2
    # via oldmemo
    # via twomemo
pyasn1==0.6.1
    # via pyasn1-modules
    # via slixmpp
pyasn1-modules==0.4.1
    # via slixmpp
pycares==4.4.0
    # via aiodns
pycparser==2.22
    # via cffi
pydantic==2.9.2
    # via doubleratchet
    # via sendi
    # via x3dh
pydantic-core==2.23.4
    # via pydantic
pygments==2.18.0
    # via rich
rich==13.8.1
    # via typer
shellingham==1.5.4
    # via typer
slixmpp==1.8.5
    # via sendi
    # via slixmpp-omemo
slixmpp-omemo==1.1.1
    # via sendi
twomemo==1.0.4
    # via slixmpp-omemo
typer==0.12.5
    # via sendi
typing-extensions==4.12.2
    # via doubleratchet
    # via oldmemo
    # via omemo
    # via pydantic
    # via pydantic-core
    # via slixmpp-omemo
    # via twomemo
    # via typer
    # via x3dh
x3dh==1.0.4
    # via oldmemo
    # via twomemo
xeddsa==1.0.3
    # via oldmemo
    # via omemo
    # via twomemo
    # via x3dh
xmlschema==3.4.2
    # via oldmemo
    # via twomemo
yarl==1.13.1
    # via aiohttp
