# generated by rye
# use `rye lock` or `rye sync` to update this lockfile
#
# last locked with the following flags:
#   pre: false
#   features: []
#   all-features: false
#   with-sources: false
#   generate-hashes: false
#   universal: false

-e file:.
aiodns==3.2.0
    # via sendi
    # via slixmpp
aiohappyeyeballs==2.4.2
    # via aiohttp
aiohttp==3.10.6
    # via sendi
aiosignal==1.3.1
    # via aiohttp
annotated-types==0.7.0
    # via pydantic
    # via sendi
attrs==24.2.0
    # via aiohttp
black==24.8.0
certifi==2024.8.30
    # via sendi
cffi==1.17.1
    # via cryptography
    # via pycares
    # via xeddsa
cfgv==3.4.0
    # via pre-commit
click==8.1.7
    # via black
    # via typer
cryptography==43.0.1
    # via doubleratchet
    # via oldmemo
    # via x3dh
distlib==0.3.8
    # via virtualenv
doubleratchet==1.0.4
    # via oldmemo
    # via twomemo
elementpath==4.5.0
    # via xmlschema
filelock==3.16.1
    # via virtualenv
frozenlist==1.4.1
    # via aiohttp
    # via aiosignal
identify==2.6.1
    # via pre-commit
idna==3.10
    # via yarl
iniconfig==2.0.0
    # via pytest
markdown-it-py==3.0.0
    # via rich
mdurl==0.1.2
    # via markdown-it-py
multidict==6.1.0
    # via aiohttp
    # via yarl
mypy==1.11.2
mypy-extensions==1.0.0
    # via black
    # via mypy
nodeenv==1.9.1
    # via pre-commit
oldmemo==1.0.4
    # via slixmpp-omemo
omemo==1.1.0
    # via oldmemo
    # via sendi
    # via slixmpp-omemo
    # via twomemo
packaging==24.1
    # via black
    # via pytest
    # via pytest-sugar
pathspec==0.12.1
    # via black
platformdirs==4.3.6
    # via black
    # via virtualenv
pluggy==1.5.0
    # via pytest
pre-commit==3.8.0
protobuf==5.28.2
    # via oldmemo
    # via twomemo
pyasn1==0.6.1
    # via pyasn1-modules
    # via slixmpp
pyasn1-modules==0.4.1
    # via slixmpp
pycares==4.4.0
    # via aiodns
pycparser==2.22
    # via cffi
pydantic==2.9.2
    # via doubleratchet
    # via sendi
    # via x3dh
pydantic-core==2.23.4
    # via pydantic
pygments==2.18.0
    # via rich
pytest==8.3.3
    # via pytest-sugar
pytest-sugar==1.0.0
pyyaml==6.0.2
    # via pre-commit
rich==13.8.1
    # via typer
ruff==0.6.8
shellingham==1.5.4
    # via typer
slixmpp==1.8.5
    # via sendi
    # via slixmpp-omemo
slixmpp-omemo==1.1.1
    # via sendi
termcolor==2.4.0
    # via pytest-sugar
twomemo==1.0.4
    # via slixmpp-omemo
typer==0.12.5
    # via sendi
typing-extensions==4.12.2
    # via doubleratchet
    # via mypy
    # via oldmemo
    # via omemo
    # via pydantic
    # via pydantic-core
    # via slixmpp-omemo
    # via twomemo
    # via typer
    # via x3dh
uv==0.4.17
virtualenv==20.26.6
    # via pre-commit
x3dh==1.0.4
    # via oldmemo
    # via twomemo
xeddsa==1.0.3
    # via oldmemo
    # via omemo
    # via twomemo
    # via x3dh
xmlschema==3.4.2
    # via oldmemo
    # via twomemo
yarl==1.13.1
    # via aiohttp
